
Microsoft Visual Studio Solution File, Format Version 12.00
# Visual Studio Version 17
VisualStudioVersion = 17.5.33530.505
MinimumVisualStudioVersion = 10.0.40219.1
Project("{8BC9CEB8-8B4A-11D0-8D11-00A0C91BC942}") = "C_20230418", "C_20230418\C_20230418.vcxproj", "{BCAEB7CD-A5D4-4A01-85B0-C65FFF005894}"
EndProject
Global
	GlobalSection(SolutionConfigurationPlatforms) = preSolution
		Debug|x64 = Debug|x64
		Debug|x86 = Debug|x86
		Release|x64 = Release|x64
		Release|x86 = Release|x86
	EndGlobalSection
	GlobalSection(ProjectConfigurationPlatforms) = postSolution
		{BCAEB7CD-A5D4-4A01-85B0-C65FFF005894}.Debug|x64.ActiveCfg = Debug|x64
		{BCAEB7CD-A5D4-4A01-85B0-C65FFF005894}.Debug|x64.Build.0 = Debug|x64
		{BCAEB7CD-A5D4-4A01-85B0-C65FFF005894}.Debug|x86.ActiveCfg = Debug|Win32
		{BCAEB7CD-A5D4-4A01-85B0-C65FFF005894}.Debug|x86.Build.0 = Debug|Win32
		{BCAEB7CD-A5D4-4A01-85B0-C65FFF005894}.Release|x64.ActiveCfg = Release|x64
		{BCAEB7CD-A5D4-4A01-85B0-C65FFF005894}.Release|x64.Build.0 = Release|x64
		{BCAEB7CD-A5D4-4A01-85B0-C65FFF005894}.Release|x86.ActiveCfg = Release|Win32
		{BCAEB7CD-A5D4-4A01-85B0-C65FFF005894}.Release|x86.Build.0 = Release|Win32
	EndGlobalSection
	GlobalSection(SolutionProperties) = preSolution
		HideSolutionNode = FALSE
	EndGlobalSection
	GlobalSection(ExtensibilityGlobals) = postSolution
		SolutionGuid = {CBF20DB6-8BF3-4FD5-8B1F-44921E584611}
	EndGlobalSection
EndGlobal
